// !$*UTF8*$!
{
	archiveVersion = 1;
	classes = {
	};
	objectVersion = 51;
	objects = {

/* Begin PBXBuildFile section */
		6CEC8BE3965080BF2260808C /* Pods_ToDo.framework in Frameworks */ = {isa = PBXBuildFile; fileRef = 2C6F905B406AF18832B26F91 /* Pods_ToDo.framework */; };
		9D1F7A32265CF907000BF141 /* ToDoApp.swift in Sources */ = {isa = PBXBuildFile; fileRef = 9D1F7A31265CF907000BF141 /* ToDoApp.swift */; };
		9D1F7A34265CF907000BF141 /* ContentView.swift in Sources */ = {isa = PBXBuildFile; fileRef = 9D1F7A33265CF907000BF141 /* ContentView.swift */; };
		9D1F7A36265CF908000BF141 /* Assets.xcassets in Resources */ = {isa = PBXBuildFile; fileRef = 9D1F7A35265CF908000BF141 /* Assets.xcassets */; };
		9D1F7A39265CF908000BF141 /* Preview Assets.xcassets in Resources */ = {isa = PBXBuildFile; fileRef = 9D1F7A38265CF908000BF141 /* Preview Assets.xcassets */; };
		9D1F7A41265CF945000BF141 /* HomeView.swift in Sources */ = {isa = PBXBuildFile; fileRef = 9D1F7A40265CF944000BF141 /* HomeView.swift */; };
		9D1F7A43265CFD92000BF141 /* CategoryView.swift in Sources */ = {isa = PBXBuildFile; fileRef = 9D1F7A42265CFD92000BF141 /* CategoryView.swift */; };
		9D20BBA8265D80AE00617E83 /* Model.swift in Sources */ = {isa = PBXBuildFile; fileRef = 9D20BBA7265D80AE00617E83 /* Model.swift */; };
		9D20BBAC265D80F200617E83 /* ListView.swift in Sources */ = {isa = PBXBuildFile; fileRef = 9D20BBAB265D80F200617E83 /* ListView.swift */; };
		9D5F6C112662558000437055 /* FirebaseView.swift in Sources */ = {isa = PBXBuildFile; fileRef = 9D5F6C102662558000437055 /* FirebaseView.swift */; };
		9D725EA82660DEA500864133 /* LoginView.swift in Sources */ = {isa = PBXBuildFile; fileRef = 9D725EA72660DEA500864133 /* LoginView.swift */; };
		9D725EAA2660FDBB00864133 /* RegisterView.swift in Sources */ = {isa = PBXBuildFile; fileRef = 9D725EA92660FDBB00864133 /* RegisterView.swift */; };
		9D98D289265D90AD00781B2E /* ListInfo.swift in Sources */ = {isa = PBXBuildFile; fileRef = 9D98D288265D90AD00781B2E /* ListInfo.swift */; };
		9DC9C0BD265E4000003B7377 /* Persistence.swift in Sources */ = {isa = PBXBuildFile; fileRef = 9DC9C0BC265E4000003B7377 /* Persistence.swift */; };
		9DC9C0EE265E5CBE003B7377 /* ToDo.xcdatamodeld in Sources */ = {isa = PBXBuildFile; fileRef = 9DC9C0EC265E5CBE003B7377 /* ToDo.xcdatamodeld */; };
		9DC9C0F1265E5CF8003B7377 /* ToDo+CoreDataClass.swift in Sources */ = {isa = PBXBuildFile; fileRef = 9DC9C0EF265E5CF8003B7377 /* ToDo+CoreDataClass.swift */; };
		9DC9C0F2265E5CF8003B7377 /* ToDo+CoreDataProperties.swift in Sources */ = {isa = PBXBuildFile; fileRef = 9DC9C0F0265E5CF8003B7377 /* ToDo+CoreDataProperties.swift */; };
		9DCDDB0026602FD4006A2C68 /* GoogleService-Info.plist in Resources */ = {isa = PBXBuildFile; fileRef = 9DCDDAFF26602FD4006A2C68 /* GoogleService-Info.plist */; };
		9DCEF2BA267F028B00DB4C32 /* WidgetKit.framework in Frameworks */ = {isa = PBXBuildFile; fileRef = 9DCEF2B9267F028B00DB4C32 /* WidgetKit.framework */; };
		9DCEF2BC267F028B00DB4C32 /* SwiftUI.framework in Frameworks */ = {isa = PBXBuildFile; fileRef = 9DCEF2BB267F028B00DB4C32 /* SwiftUI.framework */; };
		9DCEF2BF267F028B00DB4C32 /* ToDo_Widget.swift in Sources */ = {isa = PBXBuildFile; fileRef = 9DCEF2BE267F028B00DB4C32 /* ToDo_Widget.swift */; };
		9DCEF2C1267F028D00DB4C32 /* Assets.xcassets in Resources */ = {isa = PBXBuildFile; fileRef = 9DCEF2C0267F028D00DB4C32 /* Assets.xcassets */; };
		9DCEF2C5267F028D00DB4C32 /* ToDo WidgetExtension.appex in Embed App Extensions */ = {isa = PBXBuildFile; fileRef = 9DCEF2B8267F028B00DB4C32 /* ToDo WidgetExtension.appex */; settings = {ATTRIBUTES = (RemoveHeadersOnCopy, ); }; };
		9DCEF2CF267F0A4400DB4C32 /* WidgetView.swift in Sources */ = {isa = PBXBuildFile; fileRef = 9DCEF2CE267F0A4400DB4C32 /* WidgetView.swift */; };
		9DCEF2D0267F0A4400DB4C32 /* WidgetView.swift in Sources */ = {isa = PBXBuildFile; fileRef = 9DCEF2CE267F0A4400DB4C32 /* WidgetView.swift */; };
/* End PBXBuildFile section */

/* Begin PBXContainerItemProxy section */
		9DCEF2C3267F028D00DB4C32 /* PBXContainerItemProxy */ = {
			isa = PBXContainerItemProxy;
			containerPortal = 9D1F7A26265CF906000BF141 /* Project object */;
			proxyType = 1;
			remoteGlobalIDString = 9DCEF2B7267F028B00DB4C32;
			remoteInfo = "ToDo WidgetExtension";
		};
/* End PBXContainerItemProxy section */

/* Begin PBXCopyFilesBuildPhase section */
		9DCEF2C6267F028D00DB4C32 /* Embed App Extensions */ = {
			isa = PBXCopyFilesBuildPhase;
			buildActionMask = 2147483647;
			dstPath = "";
			dstSubfolderSpec = 13;
			files = (
				9DCEF2C5267F028D00DB4C32 /* ToDo WidgetExtension.appex in Embed App Extensions */,
			);
			name = "Embed App Extensions";
			runOnlyForDeploymentPostprocessing = 0;
		};
/* End PBXCopyFilesBuildPhase section */

/* Begin PBXFileReference section */
		2C6F905B406AF18832B26F91 /* Pods_ToDo.framework */ = {isa = PBXFileReference; explicitFileType = wrapper.framework; includeInIndex = 0; path = Pods_ToDo.framework; sourceTree = BUILT_PRODUCTS_DIR; };
		69E0A156AE311093C59FAACD /* Pods-ToDo.release.xcconfig */ = {isa = PBXFileReference; includeInIndex = 1; lastKnownFileType = text.xcconfig; name = "Pods-ToDo.release.xcconfig"; path = "Target Support Files/Pods-ToDo/Pods-ToDo.release.xcconfig"; sourceTree = "<group>"; };
		9D1F7A2E265CF907000BF141 /* ToDo.app */ = {isa = PBXFileReference; explicitFileType = wrapper.application; includeInIndex = 0; path = ToDo.app; sourceTree = BUILT_PRODUCTS_DIR; };
		9D1F7A31265CF907000BF141 /* ToDoApp.swift */ = {isa = PBXFileReference; lastKnownFileType = sourcecode.swift; path = ToDoApp.swift; sourceTree = "<group>"; };
		9D1F7A33265CF907000BF141 /* ContentView.swift */ = {isa = PBXFileReference; lastKnownFileType = sourcecode.swift; path = ContentView.swift; sourceTree = "<group>"; };
		9D1F7A35265CF908000BF141 /* Assets.xcassets */ = {isa = PBXFileReference; lastKnownFileType = folder.assetcatalog; path = Assets.xcassets; sourceTree = "<group>"; };
		9D1F7A38265CF908000BF141 /* Preview Assets.xcassets */ = {isa = PBXFileReference; lastKnownFileType = folder.assetcatalog; path = "Preview Assets.xcassets"; sourceTree = "<group>"; };
		9D1F7A3A265CF908000BF141 /* Info.plist */ = {isa = PBXFileReference; lastKnownFileType = text.plist.xml; path = Info.plist; sourceTree = "<group>"; };
		9D1F7A40265CF944000BF141 /* HomeView.swift */ = {isa = PBXFileReference; lastKnownFileType = sourcecode.swift; path = HomeView.swift; sourceTree = "<group>"; };
		9D1F7A42265CFD92000BF141 /* CategoryView.swift */ = {isa = PBXFileReference; lastKnownFileType = sourcecode.swift; path = CategoryView.swift; sourceTree = "<group>"; };
		9D20BBA7265D80AE00617E83 /* Model.swift */ = {isa = PBXFileReference; lastKnownFileType = sourcecode.swift; path = Model.swift; sourceTree = "<group>"; };
		9D20BBAB265D80F200617E83 /* ListView.swift */ = {isa = PBXFileReference; lastKnownFileType = sourcecode.swift; path = ListView.swift; sourceTree = "<group>"; };
		9D5F6C102662558000437055 /* FirebaseView.swift */ = {isa = PBXFileReference; lastKnownFileType = sourcecode.swift; path = FirebaseView.swift; sourceTree = "<group>"; };
		9D725EA72660DEA500864133 /* LoginView.swift */ = {isa = PBXFileReference; lastKnownFileType = sourcecode.swift; path = LoginView.swift; sourceTree = "<group>"; };
		9D725EA92660FDBB00864133 /* RegisterView.swift */ = {isa = PBXFileReference; lastKnownFileType = sourcecode.swift; path = RegisterView.swift; sourceTree = "<group>"; };
		9D98D288265D90AD00781B2E /* ListInfo.swift */ = {isa = PBXFileReference; lastKnownFileType = sourcecode.swift; path = ListInfo.swift; sourceTree = "<group>"; };
		9DC9C0BC265E4000003B7377 /* Persistence.swift */ = {isa = PBXFileReference; lastKnownFileType = sourcecode.swift; path = Persistence.swift; sourceTree = "<group>"; };
		9DC9C0ED265E5CBE003B7377 /* ToDo.xcdatamodel */ = {isa = PBXFileReference; lastKnownFileType = wrapper.xcdatamodel; path = ToDo.xcdatamodel; sourceTree = "<group>"; };
		9DC9C0EF265E5CF8003B7377 /* ToDo+CoreDataClass.swift */ = {isa = PBXFileReference; lastKnownFileType = sourcecode.swift; path = "ToDo+CoreDataClass.swift"; sourceTree = "<group>"; };
		9DC9C0F0265E5CF8003B7377 /* ToDo+CoreDataProperties.swift */ = {isa = PBXFileReference; lastKnownFileType = sourcecode.swift; path = "ToDo+CoreDataProperties.swift"; sourceTree = "<group>"; };
		9DCDDAFF26602FD4006A2C68 /* GoogleService-Info.plist */ = {isa = PBXFileReference; fileEncoding = 4; lastKnownFileType = text.plist.xml; path = "GoogleService-Info.plist"; sourceTree = "<group>"; };
		9DCEF2B8267F028B00DB4C32 /* ToDo WidgetExtension.appex */ = {isa = PBXFileReference; explicitFileType = "wrapper.app-extension"; includeInIndex = 0; path = "ToDo WidgetExtension.appex"; sourceTree = BUILT_PRODUCTS_DIR; };
		9DCEF2B9267F028B00DB4C32 /* WidgetKit.framework */ = {isa = PBXFileReference; lastKnownFileType = wrapper.framework; name = WidgetKit.framework; path = System/Library/Frameworks/WidgetKit.framework; sourceTree = SDKROOT; };
		9DCEF2BB267F028B00DB4C32 /* SwiftUI.framework */ = {isa = PBXFileReference; lastKnownFileType = wrapper.framework; name = SwiftUI.framework; path = System/Library/Frameworks/SwiftUI.framework; sourceTree = SDKROOT; };
		9DCEF2BE267F028B00DB4C32 /* ToDo_Widget.swift */ = {isa = PBXFileReference; lastKnownFileType = sourcecode.swift; path = ToDo_Widget.swift; sourceTree = "<group>"; };
		9DCEF2C0267F028D00DB4C32 /* Assets.xcassets */ = {isa = PBXFileReference; lastKnownFileType = folder.assetcatalog; path = Assets.xcassets; sourceTree = "<group>"; };
		9DCEF2C2267F028D00DB4C32 /* Info.plist */ = {isa = PBXFileReference; lastKnownFileType = text.plist.xml; path = Info.plist; sourceTree = "<group>"; };
		9DCEF2CE267F0A4400DB4C32 /* WidgetView.swift */ = {isa = PBXFileReference; lastKnownFileType = sourcecode.swift; path = WidgetView.swift; sourceTree = "<group>"; };
		F9C2D175E4EE16F16C20AE48 /* Pods-ToDo.debug.xcconfig */ = {isa = PBXFileReference; includeInIndex = 1; lastKnownFileType = text.xcconfig; name = "Pods-ToDo.debug.xcconfig"; path = "Target Support Files/Pods-ToDo/Pods-ToDo.debug.xcconfig"; sourceTree = "<group>"; };
/* End PBXFileReference section */

/* Begin PBXFrameworksBuildPhase section */
		9D1F7A2B265CF906000BF141 /* Frameworks */ = {
			isa = PBXFrameworksBuildPhase;
			buildActionMask = 2147483647;
			files = (
				6CEC8BE3965080BF2260808C /* Pods_ToDo.framework in Frameworks */,
			);
			runOnlyForDeploymentPostprocessing = 0;
		};
		9DCEF2B5267F028B00DB4C32 /* Frameworks */ = {
			isa = PBXFrameworksBuildPhase;
			buildActionMask = 2147483647;
			files = (
				9DCEF2BC267F028B00DB4C32 /* SwiftUI.framework in Frameworks */,
				9DCEF2BA267F028B00DB4C32 /* WidgetKit.framework in Frameworks */,
			);
			runOnlyForDeploymentPostprocessing = 0;
		};
/* End PBXFrameworksBuildPhase section */

/* Begin PBXGroup section */
		1252A769D1F329410C304BD3 /* Pods */ = {
			isa = PBXGroup;
			children = (
				F9C2D175E4EE16F16C20AE48 /* Pods-ToDo.debug.xcconfig */,
				69E0A156AE311093C59FAACD /* Pods-ToDo.release.xcconfig */,
			);
			path = Pods;
			sourceTree = "<group>";
		};
		9D1F7A25265CF906000BF141 = {
			isa = PBXGroup;
			children = (
				9D1F7A30265CF907000BF141 /* ToDo */,
				9DCEF2BD267F028B00DB4C32 /* ToDo Widget */,
				9D1F7A2F265CF907000BF141 /* Products */,
				1252A769D1F329410C304BD3 /* Pods */,
				ECC0BDFFF5C38BE31E362D83 /* Frameworks */,
			);
			sourceTree = "<group>";
		};
		9D1F7A2F265CF907000BF141 /* Products */ = {
			isa = PBXGroup;
			children = (
				9D1F7A2E265CF907000BF141 /* ToDo.app */,
				9DCEF2B8267F028B00DB4C32 /* ToDo WidgetExtension.appex */,
			);
			name = Products;
			sourceTree = "<group>";
		};
		9D1F7A30265CF907000BF141 /* ToDo */ = {
			isa = PBXGroup;
			children = (
				9D1F7A31265CF907000BF141 /* ToDoApp.swift */,
				9D1F7A33265CF907000BF141 /* ContentView.swift */,
				9D20BBAA265D80D100617E83 /* Views */,
				9D1F7A35265CF908000BF141 /* Assets.xcassets */,
				9D1F7A3A265CF908000BF141 /* Info.plist */,
				9DCDDAFF26602FD4006A2C68 /* GoogleService-Info.plist */,
				9D1F7A37265CF908000BF141 /* Preview Content */,
				9D20BBA9265D80C100617E83 /* Models */,
				9DC9C0EC265E5CBE003B7377 /* ToDo.xcdatamodeld */,
			);
			path = ToDo;
			sourceTree = "<group>";
		};
		9D1F7A37265CF908000BF141 /* Preview Content */ = {
			isa = PBXGroup;
			children = (
				9D1F7A38265CF908000BF141 /* Preview Assets.xcassets */,
			);
			path = "Preview Content";
			sourceTree = "<group>";
		};
		9D20BBA9265D80C100617E83 /* Models */ = {
			isa = PBXGroup;
			children = (
				9DC9C0EF265E5CF8003B7377 /* ToDo+CoreDataClass.swift */,
				9DC9C0F0265E5CF8003B7377 /* ToDo+CoreDataProperties.swift */,
				9D20BBA7265D80AE00617E83 /* Model.swift */,
				9DC9C0BC265E4000003B7377 /* Persistence.swift */,
			);
			path = Models;
			sourceTree = "<group>";
		};
		9D20BBAA265D80D100617E83 /* Views */ = {
			isa = PBXGroup;
			children = (
				9D1F7A40265CF944000BF141 /* HomeView.swift */,
				9D1F7A42265CFD92000BF141 /* CategoryView.swift */,
				9D20BBAB265D80F200617E83 /* ListView.swift */,
				9D98D288265D90AD00781B2E /* ListInfo.swift */,
				9D725EA72660DEA500864133 /* LoginView.swift */,
				9D725EA92660FDBB00864133 /* RegisterView.swift */,
				9D5F6C102662558000437055 /* FirebaseView.swift */,
			);
			path = Views;
			sourceTree = "<group>";
		};
		9DCEF2BD267F028B00DB4C32 /* ToDo Widget */ = {
			isa = PBXGroup;
			children = (
				9DCEF2BE267F028B00DB4C32 /* ToDo_Widget.swift */,
				9DCEF2C0267F028D00DB4C32 /* Assets.xcassets */,
				9DCEF2C2267F028D00DB4C32 /* Info.plist */,
				9DCEF2CE267F0A4400DB4C32 /* WidgetView.swift */,
			);
			path = "ToDo Widget";
			sourceTree = "<group>";
		};
		ECC0BDFFF5C38BE31E362D83 /* Frameworks */ = {
			isa = PBXGroup;
			children = (
				2C6F905B406AF18832B26F91 /* Pods_ToDo.framework */,
				9DCEF2B9267F028B00DB4C32 /* WidgetKit.framework */,
				9DCEF2BB267F028B00DB4C32 /* SwiftUI.framework */,
			);
			name = Frameworks;
			sourceTree = "<group>";
		};
/* End PBXGroup section */

/* Begin PBXNativeTarget section */
		9D1F7A2D265CF906000BF141 /* ToDo */ = {
			isa = PBXNativeTarget;
			buildConfigurationList = 9D1F7A3D265CF908000BF141 /* Build configuration list for PBXNativeTarget "ToDo" */;
			buildPhases = (
				46F961A25919561238DA3AB3 /* [CP] Check Pods Manifest.lock */,
				9D1F7A2A265CF906000BF141 /* Sources */,
				9D1F7A2B265CF906000BF141 /* Frameworks */,
				9D1F7A2C265CF906000BF141 /* Resources */,
				DA7070EBCC0B75D23B60D16C /* [CP] Embed Pods Frameworks */,
				9DCEF2C6267F028D00DB4C32 /* Embed App Extensions */,
			);
			buildRules = (
			);
			dependencies = (
				9DCEF2C4267F028D00DB4C32 /* PBXTargetDependency */,
			);
			name = ToDo;
			productName = ToDo;
			productReference = 9D1F7A2E265CF907000BF141 /* ToDo.app */;
			productType = "com.apple.product-type.application";
		};
		9DCEF2B7267F028B00DB4C32 /* ToDo WidgetExtension */ = {
			isa = PBXNativeTarget;
			buildConfigurationList = 9DCEF2C9267F028D00DB4C32 /* Build configuration list for PBXNativeTarget "ToDo WidgetExtension" */;
			buildPhases = (
				9DCEF2B4267F028B00DB4C32 /* Sources */,
				9DCEF2B5267F028B00DB4C32 /* Frameworks */,
				9DCEF2B6267F028B00DB4C32 /* Resources */,
			);
			buildRules = (
			);
			dependencies = (
			);
			name = "ToDo WidgetExtension";
			productName = "ToDo WidgetExtension";
			productReference = 9DCEF2B8267F028B00DB4C32 /* ToDo WidgetExtension.appex */;
			productType = "com.apple.product-type.app-extension";
		};
/* End PBXNativeTarget section */

/* Begin PBXProject section */
		9D1F7A26265CF906000BF141 /* Project object */ = {
			isa = PBXProject;
			attributes = {
				LastSwiftUpdateCheck = 1250;
				LastUpgradeCheck = 1250;
				TargetAttributes = {
					9D1F7A2D265CF906000BF141 = {
						CreatedOnToolsVersion = 12.5;
					};
					9DCEF2B7267F028B00DB4C32 = {
						CreatedOnToolsVersion = 12.5;
					};
				};
			};
			buildConfigurationList = 9D1F7A29265CF906000BF141 /* Build configuration list for PBXProject "ToDo" */;
			compatibilityVersion = "Xcode 9.3";
			developmentRegion = en;
			hasScannedForEncodings = 0;
			knownRegions = (
				en,
				Base,
			);
			mainGroup = 9D1F7A25265CF906000BF141;
			productRefGroup = 9D1F7A2F265CF907000BF141 /* Products */;
			projectDirPath = "";
			projectRoot = "";
			targets = (
				9D1F7A2D265CF906000BF141 /* ToDo */,
				9DCEF2B7267F028B00DB4C32 /* ToDo WidgetExtension */,
			);
		};
/* End PBXProject section */

/* Begin PBXResourcesBuildPhase section */
		9D1F7A2C265CF906000BF141 /* Resources */ = {
			isa = PBXResourcesBuildPhase;
			buildActionMask = 2147483647;
			files = (
				9D1F7A39265CF908000BF141 /* Preview Assets.xcassets in Resources */,
				9D1F7A36265CF908000BF141 /* Assets.xcassets in Resources */,
				9DCDDB0026602FD4006A2C68 /* GoogleService-Info.plist in Resources */,
			);
			runOnlyForDeploymentPostprocessing = 0;
		};
		9DCEF2B6267F028B00DB4C32 /* Resources */ = {
			isa = PBXResourcesBuildPhase;
			buildActionMask = 2147483647;
			files = (
				9DCEF2C1267F028D00DB4C32 /* Assets.xcassets in Resources */,
			);
			runOnlyForDeploymentPostprocessing = 0;
		};
/* End PBXResourcesBuildPhase section */

/* Begin PBXShellScriptBuildPhase section */
		46F961A25919561238DA3AB3 /* [CP] Check Pods Manifest.lock */ = {
			isa = PBXShellScriptBuildPhase;
			buildActionMask = 2147483647;
			files = (
			);
			inputFileListPaths = (
			);
			inputPaths = (
				"${PODS_PODFILE_DIR_PATH}/Podfile.lock",
				"${PODS_ROOT}/Manifest.lock",
			);
			name = "[CP] Check Pods Manifest.lock";
			outputFileListPaths = (
			);
			outputPaths = (
				"$(DERIVED_FILE_DIR)/Pods-ToDo-checkManifestLockResult.txt",
			);
			runOnlyForDeploymentPostprocessing = 0;
			shellPath = /bin/sh;
			shellScript = "diff \"${PODS_PODFILE_DIR_PATH}/Podfile.lock\" \"${PODS_ROOT}/Manifest.lock\" > /dev/null\nif [ $? != 0 ] ; then\n    # print error to STDERR\n    echo \"error: The sandbox is not in sync with the Podfile.lock. Run 'pod install' or update your CocoaPods installation.\" >&2\n    exit 1\nfi\n# This output is used by Xcode 'outputs' to avoid re-running this script phase.\necho \"SUCCESS\" > \"${SCRIPT_OUTPUT_FILE_0}\"\n";
			showEnvVarsInLog = 0;
		};
		DA7070EBCC0B75D23B60D16C /* [CP] Embed Pods Frameworks */ = {
			isa = PBXShellScriptBuildPhase;
			buildActionMask = 2147483647;
			files = (
			);
			inputFileListPaths = (
				"${PODS_ROOT}/Target Support Files/Pods-ToDo/Pods-ToDo-frameworks-${CONFIGURATION}-input-files.xcfilelist",
			);
			name = "[CP] Embed Pods Frameworks";
			outputFileListPaths = (
				"${PODS_ROOT}/Target Support Files/Pods-ToDo/Pods-ToDo-frameworks-${CONFIGURATION}-output-files.xcfilelist",
			);
			runOnlyForDeploymentPostprocessing = 0;
			shellPath = /bin/sh;
			shellScript = "\"${PODS_ROOT}/Target Support Files/Pods-ToDo/Pods-ToDo-frameworks.sh\"\n";
			showEnvVarsInLog = 0;
		};
/* End PBXShellScriptBuildPhase section */

/* Begin PBXSourcesBuildPhase section */
		9D1F7A2A265CF906000BF141 /* Sources */ = {
			isa = PBXSourcesBuildPhase;
			buildActionMask = 2147483647;
			files = (
				9DC9C0BD265E4000003B7377 /* Persistence.swift in Sources */,
				9D20BBA8265D80AE00617E83 /* Model.swift in Sources */,
				9D725EAA2660FDBB00864133 /* RegisterView.swift in Sources */,
				9D1F7A41265CF945000BF141 /* HomeView.swift in Sources */,
				9DC9C0F1265E5CF8003B7377 /* ToDo+CoreDataClass.swift in Sources */,
				9D20BBAC265D80F200617E83 /* ListView.swift in Sources */,
				9DC9C0EE265E5CBE003B7377 /* ToDo.xcdatamodeld in Sources */,
				9D725EA82660DEA500864133 /* LoginView.swift in Sources */,
				9D1F7A34265CF907000BF141 /* ContentView.swift in Sources */,
				9DCEF2CF267F0A4400DB4C32 /* WidgetView.swift in Sources */,
				9D5F6C112662558000437055 /* FirebaseView.swift in Sources */,
				9D98D289265D90AD00781B2E /* ListInfo.swift in Sources */,
				9DC9C0F2265E5CF8003B7377 /* ToDo+CoreDataProperties.swift in Sources */,
				9D1F7A43265CFD92000BF141 /* CategoryView.swift in Sources */,
				9D1F7A32265CF907000BF141 /* ToDoApp.swift in Sources */,
			);
			runOnlyForDeploymentPostprocessing = 0;
		};
		9DCEF2B4267F028B00DB4C32 /* Sources */ = {
			isa = PBXSourcesBuildPhase;
			buildActionMask = 2147483647;
			files = (
				9DCEF2D0267F0A4400DB4C32 /* WidgetView.swift in Sources */,
				9DCEF2BF267F028B00DB4C32 /* ToDo_Widget.swift in Sources */,
			);
			runOnlyForDeploymentPostprocessing = 0;
		};
/* End PBXSourcesBuildPhase section */

/* Begin PBXTargetDependency section */
		9DCEF2C4267F028D00DB4C32 /* PBXTargetDependency */ = {
			isa = PBXTargetDependency;
			target = 9DCEF2B7267F028B00DB4C32 /* ToDo WidgetExtension */;
			targetProxy = 9DCEF2C3267F028D00DB4C32 /* PBXContainerItemProxy */;
		};
/* End PBXTargetDependency section */

/* Begin XCBuildConfiguration section */
		9D1F7A3B265CF908000BF141 /* Debug */ = {
			isa = XCBuildConfiguration;
			buildSettings = {
				ALWAYS_SEARCH_USER_PATHS = NO;
				CLANG_ANALYZER_NONNULL = YES;
				CLANG_ANALYZER_NUMBER_OBJECT_CONVERSION = YES_AGGRESSIVE;
				CLANG_CXX_LANGUAGE_STANDARD = "gnu++14";
				CLANG_CXX_LIBRARY = "libc++";
				CLANG_ENABLE_MODULES = YES;
				CLANG_ENABLE_OBJC_ARC = YES;
				CLANG_ENABLE_OBJC_WEAK = YES;
				CLANG_WARN_BLOCK_CAPTURE_AUTORELEASING = YES;
				CLANG_WARN_BOOL_CONVERSION = YES;
				CLANG_WARN_COMMA = YES;
				CLANG_WARN_CONSTANT_CONVERSION = YES;
				CLANG_WARN_DEPRECATED_OBJC_IMPLEMENTATIONS = YES;
				CLANG_WARN_DIRECT_OBJC_ISA_USAGE = YES_ERROR;
				CLANG_WARN_DOCUMENTATION_COMMENTS = YES;
				CLANG_WARN_EMPTY_BODY = YES;
				CLANG_WARN_ENUM_CONVERSION = YES;
				CLANG_WARN_INFINITE_RECURSION = YES;
				CLANG_WARN_INT_CONVERSION = YES;
				CLANG_WARN_NON_LITERAL_NULL_CONVERSION = YES;
				CLANG_WARN_OBJC_IMPLICIT_RETAIN_SELF = YES;
				CLANG_WARN_OBJC_LITERAL_CONVERSION = YES;
				CLANG_WARN_OBJC_ROOT_CLASS = YES_ERROR;
				CLANG_WARN_QUOTED_INCLUDE_IN_FRAMEWORK_HEADER = YES;
				CLANG_WARN_RANGE_LOOP_ANALYSIS = YES;
				CLANG_WARN_STRICT_PROTOTYPES = YES;
				CLANG_WARN_SUSPICIOUS_MOVE = YES;
				CLANG_WARN_UNGUARDED_AVAILABILITY = YES_AGGRESSIVE;
				CLANG_WARN_UNREACHABLE_CODE = YES;
				CLANG_WARN__DUPLICATE_METHOD_MATCH = YES;
				COPY_PHASE_STRIP = NO;
				DEBUG_INFORMATION_FORMAT = dwarf;
				ENABLE_STRICT_OBJC_MSGSEND = YES;
				ENABLE_TESTABILITY = YES;
				GCC_C_LANGUAGE_STANDARD = gnu11;
				GCC_DYNAMIC_NO_PIC = NO;
				GCC_NO_COMMON_BLOCKS = YES;
				GCC_OPTIMIZATION_LEVEL = 0;
				GCC_PREPROCESSOR_DEFINITIONS = (
					"DEBUG=1",
					"$(inherited)",
				);
				GCC_WARN_64_TO_32_BIT_CONVERSION = YES;
				GCC_WARN_ABOUT_RETURN_TYPE = YES_ERROR;
				GCC_WARN_UNDECLARED_SELECTOR = YES;
				GCC_WARN_UNINITIALIZED_AUTOS = YES_AGGRESSIVE;
				GCC_WARN_UNUSED_FUNCTION = YES;
				GCC_WARN_UNUSED_VARIABLE = YES;
				IPHONEOS_DEPLOYMENT_TARGET = 14.5;
				MTL_ENABLE_DEBUG_INFO = INCLUDE_SOURCE;
				MTL_FAST_MATH = YES;
				ONLY_ACTIVE_ARCH = YES;
				SDKROOT = iphoneos;
				SWIFT_ACTIVE_COMPILATION_CONDITIONS = DEBUG;
				SWIFT_OPTIMIZATION_LEVEL = "-Onone";
			};
			name = Debug;
		};
		9D1F7A3C265CF908000BF141 /* Release */ = {
			isa = XCBuildConfiguration;
			buildSettings = {
				ALWAYS_SEARCH_USER_PATHS = NO;
				CLANG_ANALYZER_NONNULL = YES;
				CLANG_ANALYZER_NUMBER_OBJECT_CONVERSION = YES_AGGRESSIVE;
				CLANG_CXX_LANGUAGE_STANDARD = "gnu++14";
				CLANG_CXX_LIBRARY = "libc++";
				CLANG_ENABLE_MODULES = YES;
				CLANG_ENABLE_OBJC_ARC = YES;
				CLANG_ENABLE_OBJC_WEAK = YES;
				CLANG_WARN_BLOCK_CAPTURE_AUTORELEASING = YES;
				CLANG_WARN_BOOL_CONVERSION = YES;
				CLANG_WARN_COMMA = YES;
				CLANG_WARN_CONSTANT_CONVERSION = YES;
				CLANG_WARN_DEPRECATED_OBJC_IMPLEMENTATIONS = YES;
				CLANG_WARN_DIRECT_OBJC_ISA_USAGE = YES_ERROR;
				CLANG_WARN_DOCUMENTATION_COMMENTS = YES;
				CLANG_WARN_EMPTY_BODY = YES;
				CLANG_WARN_ENUM_CONVERSION = YES;
				CLANG_WARN_INFINITE_RECURSION = YES;
				CLANG_WARN_INT_CONVERSION = YES;
				CLANG_WARN_NON_LITERAL_NULL_CONVERSION = YES;
				CLANG_WARN_OBJC_IMPLICIT_RETAIN_SELF = YES;
				CLANG_WARN_OBJC_LITERAL_CONVERSION = YES;
				CLANG_WARN_OBJC_ROOT_CLASS = YES_ERROR;
				CLANG_WARN_QUOTED_INCLUDE_IN_FRAMEWORK_HEADER = YES;
				CLANG_WARN_RANGE_LOOP_ANALYSIS = YES;
				CLANG_WARN_STRICT_PROTOTYPES = YES;
				CLANG_WARN_SUSPICIOUS_MOVE = YES;
				CLANG_WARN_UNGUARDED_AVAILABILITY = YES_AGGRESSIVE;
				CLANG_WARN_UNREACHABLE_CODE = YES;
				CLANG_WARN__DUPLICATE_METHOD_MATCH = YES;
				COPY_PHASE_STRIP = NO;
				DEBUG_INFORMATION_FORMAT = "dwarf-with-dsym";
				ENABLE_NS_ASSERTIONS = NO;
				ENABLE_STRICT_OBJC_MSGSEND = YES;
				GCC_C_LANGUAGE_STANDARD = gnu11;
				GCC_NO_COMMON_BLOCKS = YES;
				GCC_WARN_64_TO_32_BIT_CONVERSION = YES;
				GCC_WARN_ABOUT_RETURN_TYPE = YES_ERROR;
				GCC_WARN_UNDECLARED_SELECTOR = YES;
				GCC_WARN_UNINITIALIZED_AUTOS = YES_AGGRESSIVE;
				GCC_WARN_UNUSED_FUNCTION = YES;
				GCC_WARN_UNUSED_VARIABLE = YES;
				IPHONEOS_DEPLOYMENT_TARGET = 14.5;
				MTL_ENABLE_DEBUG_INFO = NO;
				MTL_FAST_MATH = YES;
				SDKROOT = iphoneos;
				SWIFT_COMPILATION_MODE = wholemodule;
				SWIFT_OPTIMIZATION_LEVEL = "-O";
				VALIDATE_PRODUCT = YES;
			};
			name = Release;
		};
		9D1F7A3E265CF908000BF141 /* Debug */ = {
			isa = XCBuildConfiguration;
			baseConfigurationReference = F9C2D175E4EE16F16C20AE48 /* Pods-ToDo.debug.xcconfig */;
			buildSettings = {
				ALWAYS_EMBED_SWIFT_STANDARD_LIBRARIES = YES;
				ASSETCATALOG_COMPILER_APPICON_NAME = AppIcon;
				ASSETCATALOG_COMPILER_GLOBAL_ACCENT_COLOR_NAME = AccentColor;
				CODE_SIGN_STYLE = Automatic;
				DEVELOPMENT_ASSET_PATHS = "\"ToDo/Preview Content\"";
				DEVELOPMENT_TEAM = 548AU6WH8M;
				ENABLE_PREVIEWS = YES;
				INFOPLIST_FILE = ToDo/Info.plist;
				IPHONEOS_DEPLOYMENT_TARGET = 14.0;
				LD_RUNPATH_SEARCH_PATHS = (
					"$(inherited)",
					"@executable_path/Frameworks",
				);
				PRODUCT_BUNDLE_IDENTIFIER = live.amey.ToDo;
				PRODUCT_NAME = "$(TARGET_NAME)";
				SWIFT_VERSION = 5.0;
				TARGETED_DEVICE_FAMILY = "1,2";
			};
			name = Debug;
		};
		9D1F7A3F265CF908000BF141 /* Release */ = {
			isa = XCBuildConfiguration;
			baseConfigurationReference = 69E0A156AE311093C59FAACD /* Pods-ToDo.release.xcconfig */;
			buildSettings = {
				ALWAYS_EMBED_SWIFT_STANDARD_LIBRARIES = YES;
				ASSETCATALOG_COMPILER_APPICON_NAME = AppIcon;
				ASSETCATALOG_COMPILER_GLOBAL_ACCENT_COLOR_NAME = AccentColor;
				CODE_SIGN_STYLE = Automatic;
				DEVELOPMENT_ASSET_PATHS = "\"ToDo/Preview Content\"";
				DEVELOPMENT_TEAM = 548AU6WH8M;
				ENABLE_PREVIEWS = YES;
				INFOPLIST_FILE = ToDo/Info.plist;
				IPHONEOS_DEPLOYMENT_TARGET = 14.0;
				LD_RUNPATH_SEARCH_PATHS = (
					"$(inherited)",
					"@executable_path/Frameworks",
				);
				PRODUCT_BUNDLE_IDENTIFIER = live.amey.ToDo;
				PRODUCT_NAME = "$(TARGET_NAME)";
				SWIFT_VERSION = 5.0;
				TARGETED_DEVICE_FAMILY = "1,2";
			};
			name = Release;
		};
		9DCEF2C7267F028D00DB4C32 /* Debug */ = {
			isa = XCBuildConfiguration;
			buildSettings = {
				ASSETCATALOG_COMPILER_GLOBAL_ACCENT_COLOR_NAME = AccentColor;
				ASSETCATALOG_COMPILER_WIDGET_BACKGROUND_COLOR_NAME = WidgetBackground;
				CODE_SIGN_STYLE = Automatic;
				DEVELOPMENT_TEAM = 548AU6WH8M;
				INFOPLIST_FILE = "ToDo Widget/Info.plist";
				LD_RUNPATH_SEARCH_PATHS = (
					"$(inherited)",
					"@executable_path/Frameworks",
					"@executable_path/../../Frameworks",
				);
				PRODUCT_BUNDLE_IDENTIFIER = "live.amey.ToDo.ToDo-Widget";
				PRODUCT_NAME = "$(TARGET_NAME)";
				SKIP_INSTALL = YES;
				SWIFT_VERSION = 5.0;
				TARGETED_DEVICE_FAMILY = "1,2";
			};
			name = Debug;
		};
		9DCEF2C8267F028D00DB4C32 /* Release */ = {
			isa = XCBuildConfiguration;
			buildSettings = {
				ASSETCATALOG_COMPILER_GLOBAL_ACCENT_COLOR_NAME = AccentColor;
				ASSETCATALOG_COMPILER_WIDGET_BACKGROUND_COLOR_NAME = WidgetBackground;
				CODE_SIGN_STYLE = Automatic;
				DEVELOPMENT_TEAM = 548AU6WH8M;
				INFOPLIST_FILE = "ToDo Widget/Info.plist";
				LD_RUNPATH_SEARCH_PATHS = (
					"$(inherited)",
					"@executable_path/Frameworks",
					"@executable_path/../../Frameworks",
				);
				PRODUCT_BUNDLE_IDENTIFIER = "live.amey.ToDo.ToDo-Widget";
				PRODUCT_NAME = "$(TARGET_NAME)";
				SKIP_INSTALL = YES;
				SWIFT_VERSION = 5.0;
				TARGETED_DEVICE_FAMILY = "1,2";
			};
			name = Release;
		};
/* End XCBuildConfiguration section */

/* Begin XCConfigurationList section */
		9D1F7A29265CF906000BF141 /* Build configuration list for PBXProject "ToDo" */ = {
			isa = XCConfigurationList;
			buildConfigurations = (
				9D1F7A3B265CF908000BF141 /* Debug */,
				9D1F7A3C265CF908000BF141 /* Release */,
			);
			defaultConfigurationIsVisible = 0;
			defaultConfigurationName = Release;
		};
		9D1F7A3D265CF908000BF141 /* Build configuration list for PBXNativeTarget "ToDo" */ = {
			isa = XCConfigurationList;
			buildConfigurations = (
				9D1F7A3E265CF908000BF141 /* Debug */,
				9D1F7A3F265CF908000BF141 /* Release */,
			);
			defaultConfigurationIsVisible = 0;
			defaultConfigurationName = Release;
		};
		9DCEF2C9267F028D00DB4C32 /* Build configuration list for PBXNativeTarget "ToDo WidgetExtension" */ = {
			isa = XCConfigurationList;
			buildConfigurations = (
				9DCEF2C7267F028D00DB4C32 /* Debug */,
				9DCEF2C8267F028D00DB4C32 /* Release */,
			);
			defaultConfigurationIsVisible = 0;
			defaultConfigurationName = Release;
		};
/* End XCConfigurationList section */

/* Begin XCVersionGroup section */
		9DC9C0EC265E5CBE003B7377 /* ToDo.xcdatamodeld */ = {
			isa = XCVersionGroup;
			children = (
				9DC9C0ED265E5CBE003B7377 /* ToDo.xcdatamodel */,
			);
			currentVersion = 9DC9C0ED265E5CBE003B7377 /* ToDo.xcdatamodel */;
			path = ToDo.xcdatamodeld;
			sourceTree = "<group>";
			versionGroupType = wrapper.xcdatamodel;
		};
/* End XCVersionGroup section */
	};
	rootObject = 9D1F7A26265CF906000BF141 /* Project object */;
}
